
Microsoft Visual Studio Solution File, Format Version 12.00
# Visual Studio Version 17
VisualStudioVersion = 17.4.33205.214
MinimumVisualStudioVersion = 10.0.40219.1
Project("{FAE04EC0-301F-11D3-BF4B-00C04F79EFBC}") = "MagicVilla_VillaAPI", "MagicVilla_VillaAPI\MagicVilla_VillaAPI.csproj", "{FCAA80BA-D6BE-4598-AB54-701FEF0EB297}"
EndProject
Global
	GlobalSection(SolutionConfigurationPlatforms) = preSolution
		Debug|Any CPU = Debug|Any CPU
		Release|Any CPU = Release|Any CPU
	EndGlobalSection
	GlobalSection(ProjectConfigurationPlatforms) = postSolution
		{FCAA80BA-D6BE-4598-AB54-701FEF0EB297}.Debug|Any CPU.ActiveCfg = Debug|Any CPU
		{FCAA80BA-D6BE-4598-AB54-701FEF0EB297}.Debug|Any CPU.Build.0 = Debug|Any CPU
		{FCAA80BA-D6BE-4598-AB54-701FEF0EB297}.Release|Any CPU.ActiveCfg = Release|Any CPU
		{FCAA80BA-D6BE-4598-AB54-701FEF0EB297}.Release|Any CPU.Build.0 = Release|Any CPU
	EndGlobalSection
	GlobalSection(SolutionProperties) = preSolution
		HideSolutionNode = FALSE
	EndGlobalSection
	GlobalSection(ExtensibilityGlobals) = postSolution
		SolutionGuid = {417A73C3-9527-4DFD-9EDB-800638BF92F3}
	EndGlobalSection
EndGlobal
